
Microsoft Visual Studio Solution File, Format Version 12.00
# Visual Studio Version 16
VisualStudioVersion = 16.0.31729.503
MinimumVisualStudioVersion = 10.0.40219.1
Project("{FAE04EC0-301F-11D3-BF4B-00C04F79EFBC}") = "WcfMatrice", "WcfMatrice\WcfMatrice.csproj", "{F9F8BBB7-9801-41E9-85A4-359FD61FB376}"
EndProject
Project("{FAE04EC0-301F-11D3-BF4B-00C04F79EFBC}") = "Client", "Client\Client.csproj", "{01A1157F-8826-43C0-ACEC-C8D2FCC12BF1}"
	ProjectSection(ProjectDependencies) = postProject
		{F9F8BBB7-9801-41E9-85A4-359FD61FB376} = {F9F8BBB7-9801-41E9-85A4-359FD61FB376}
	EndProjectSection
EndProject
Global
	GlobalSection(SolutionConfigurationPlatforms) = preSolution
		Debug|Any CPU = Debug|Any CPU
		Release|Any CPU = Release|Any CPU
	EndGlobalSection
	GlobalSection(ProjectConfigurationPlatforms) = postSolution
		{F9F8BBB7-9801-41E9-85A4-359FD61FB376}.Debug|Any CPU.ActiveCfg = Debug|Any CPU
		{F9F8BBB7-9801-41E9-85A4-359FD61FB376}.Debug|Any CPU.Build.0 = Debug|Any CPU
		{F9F8BBB7-9801-41E9-85A4-359FD61FB376}.Release|Any CPU.ActiveCfg = Release|Any CPU
		{F9F8BBB7-9801-41E9-85A4-359FD61FB376}.Release|Any CPU.Build.0 = Release|Any CPU
		{01A1157F-8826-43C0-ACEC-C8D2FCC12BF1}.Debug|Any CPU.ActiveCfg = Debug|Any CPU
		{01A1157F-8826-43C0-ACEC-C8D2FCC12BF1}.Debug|Any CPU.Build.0 = Debug|Any CPU
		{01A1157F-8826-43C0-ACEC-C8D2FCC12BF1}.Release|Any CPU.ActiveCfg = Release|Any CPU
		{01A1157F-8826-43C0-ACEC-C8D2FCC12BF1}.Release|Any CPU.Build.0 = Release|Any CPU
	EndGlobalSection
	GlobalSection(SolutionProperties) = preSolution
		HideSolutionNode = FALSE
	EndGlobalSection
	GlobalSection(ExtensibilityGlobals) = postSolution
		SolutionGuid = {094B651F-587E-4D55-8E18-22250C525F07}
	EndGlobalSection
EndGlobal
